
Microsoft Visual Studio Solution File, Format Version 12.00
# Visual Studio Version 17
VisualStudioVersion = 17.14.36327.8 d17.14
MinimumVisualStudioVersion = 10.0.40219.1
Project("{FAE04EC0-301F-11D3-BF4B-00C04F79EFBC}") = "Remitplus_Authentication", "Remitplus_Authentication.csproj", "{EE68D1EA-8832-40D5-BA16-C8EEB62446DA}"
EndProject
Global
	GlobalSection(SolutionConfigurationPlatforms) = preSolution
		Debug|Any CPU = Debug|Any CPU
		Release|Any CPU = Release|Any CPU
	EndGlobalSection
	GlobalSection(ProjectConfigurationPlatforms) = postSolution
		{EE68D1EA-8832-40D5-BA16-C8EEB62446DA}.Debug|Any CPU.ActiveCfg = Debug|Any CPU
		{EE68D1EA-8832-40D5-BA16-C8EEB62446DA}.Debug|Any CPU.Build.0 = Debug|Any CPU
		{EE68D1EA-8832-40D5-BA16-C8EEB62446DA}.Release|Any CPU.ActiveCfg = Release|Any CPU
		{EE68D1EA-8832-40D5-BA16-C8EEB62446DA}.Release|Any CPU.Build.0 = Release|Any CPU
	EndGlobalSection
	GlobalSection(SolutionProperties) = preSolution
		HideSolutionNode = FALSE
	EndGlobalSection
	GlobalSection(ExtensibilityGlobals) = postSolution
		SolutionGuid = {55DB88F1-5F34-4927-ADA1-2F8FF4FBBD59}
	EndGlobalSection
EndGlobal
